
Microsoft Visual Studio Solution File, Format Version 12.00
# Visual Studio Version 16
VisualStudioVersion = 16.0.29509.3
MinimumVisualStudioVersion = 10.0.40219.1
Project("{9A19103F-16F7-4668-BE54-9A1E7A4F7556}") = "OpenAir.Web", "OpenAir.Web\OpenAir.Web.csproj", "{E5D8B2A4-9404-407C-8E28-3F622E6E196E}"
EndProject
Project("{9A19103F-16F7-4668-BE54-9A1E7A4F7556}") = "OpenAir.Data", "OpenAir.Data\OpenAir.Data.csproj", "{A834E2F5-E48A-4A4D-9B06-7751AB58284B}"
EndProject
Project("{9A19103F-16F7-4668-BE54-9A1E7A4F7556}") = "OpenAir.UnitTest", "OpenAir.UnitTest\OpenAir.UnitTest.csproj", "{F2436164-6213-49AF-8CD9-93A53B6D39CC}"
EndProject
Project("{9A19103F-16F7-4668-BE54-9A1E7A4F7556}") = "OpenAir.SystemTest", "OpenAir.SystemTest\OpenAir.SystemTest.csproj", "{D53CB164-B3F8-4F71-86E2-0B07E3BE2245}"
EndProject
Global
	GlobalSection(SolutionConfigurationPlatforms) = preSolution
		Debug|Any CPU = Debug|Any CPU
		Release|Any CPU = Release|Any CPU
	EndGlobalSection
	GlobalSection(ProjectConfigurationPlatforms) = postSolution
		{E5D8B2A4-9404-407C-8E28-3F622E6E196E}.Debug|Any CPU.ActiveCfg = Debug|Any CPU
		{E5D8B2A4-9404-407C-8E28-3F622E6E196E}.Debug|Any CPU.Build.0 = Debug|Any CPU
		{E5D8B2A4-9404-407C-8E28-3F622E6E196E}.Release|Any CPU.ActiveCfg = Release|Any CPU
		{E5D8B2A4-9404-407C-8E28-3F622E6E196E}.Release|Any CPU.Build.0 = Release|Any CPU
		{A834E2F5-E48A-4A4D-9B06-7751AB58284B}.Debug|Any CPU.ActiveCfg = Debug|Any CPU
		{A834E2F5-E48A-4A4D-9B06-7751AB58284B}.Debug|Any CPU.Build.0 = Debug|Any CPU
		{A834E2F5-E48A-4A4D-9B06-7751AB58284B}.Release|Any CPU.ActiveCfg = Release|Any CPU
		{A834E2F5-E48A-4A4D-9B06-7751AB58284B}.Release|Any CPU.Build.0 = Release|Any CPU
		{F2436164-6213-49AF-8CD9-93A53B6D39CC}.Debug|Any CPU.ActiveCfg = Debug|Any CPU
		{F2436164-6213-49AF-8CD9-93A53B6D39CC}.Debug|Any CPU.Build.0 = Debug|Any CPU
		{F2436164-6213-49AF-8CD9-93A53B6D39CC}.Release|Any CPU.ActiveCfg = Release|Any CPU
		{F2436164-6213-49AF-8CD9-93A53B6D39CC}.Release|Any CPU.Build.0 = Release|Any CPU
		{D53CB164-B3F8-4F71-86E2-0B07E3BE2245}.Debug|Any CPU.ActiveCfg = Debug|Any CPU
		{D53CB164-B3F8-4F71-86E2-0B07E3BE2245}.Debug|Any CPU.Build.0 = Debug|Any CPU
		{D53CB164-B3F8-4F71-86E2-0B07E3BE2245}.Release|Any CPU.ActiveCfg = Release|Any CPU
		{D53CB164-B3F8-4F71-86E2-0B07E3BE2245}.Release|Any CPU.Build.0 = Release|Any CPU
	EndGlobalSection
	GlobalSection(SolutionProperties) = preSolution
		HideSolutionNode = FALSE
	EndGlobalSection
	GlobalSection(ExtensibilityGlobals) = postSolution
		SolutionGuid = {CC779784-0FF7-4FEC-9BE1-0EB413D88E3D}
	EndGlobalSection
EndGlobal
